
Microsoft Visual Studio Solution File, Format Version 12.00
# Visual Studio Version 16
VisualStudioVersion = 16.0.29509.3
MinimumVisualStudioVersion = 10.0.40219.1
Project("{FAE04EC0-301F-11D3-BF4B-00C04F79EFBC}") = "RITFacultyV1", "RITFacultyV1.csproj", "{BB75BE33-1A15-474F-8F45-B315CC54E63C}"
EndProject
Global
	GlobalSection(SolutionConfigurationPlatforms) = preSolution
		Debug|Any CPU = Debug|Any CPU
		Release|Any CPU = Release|Any CPU
	EndGlobalSection
	GlobalSection(ProjectConfigurationPlatforms) = postSolution
		{BB75BE33-1A15-474F-8F45-B315CC54E63C}.Debug|Any CPU.ActiveCfg = Debug|Any CPU
		{BB75BE33-1A15-474F-8F45-B315CC54E63C}.Debug|Any CPU.Build.0 = Debug|Any CPU
		{BB75BE33-1A15-474F-8F45-B315CC54E63C}.Release|Any CPU.ActiveCfg = Release|Any CPU
		{BB75BE33-1A15-474F-8F45-B315CC54E63C}.Release|Any CPU.Build.0 = Release|Any CPU
	EndGlobalSection
	GlobalSection(SolutionProperties) = preSolution
		HideSolutionNode = FALSE
	EndGlobalSection
	GlobalSection(ExtensibilityGlobals) = postSolution
		SolutionGuid = {9E264AEB-3583-465C-A030-D5D0B5D0C065}
	EndGlobalSection
EndGlobal
